%{"bbmustache": {:hex, :bbmustache, "1.0.4", "7ba94f971c5afd7b6617918a4bb74705e36cab36eb84b19b6a1b7ee06427aa38", [:rebar], []},
  "cf": {:hex, :cf, "0.2.1", "69d0b1349fd4d7d4dc55b7f407d29d7a840bf9a1ef5af529f1ebe0ce153fc2ab", [:rebar3], []},
  "decimal": {:hex, :decimal, "1.1.2", "79a769d4657b2d537b51ef3c02d29ab7141d2b486b516c109642d453ee08e00c", [:mix], []},
  "ecto": {:hex, :ecto, "1.1.7", "c37127248756e725eb8254b371764b40c05a90c104b2065d1d4f7e32573fdbec", [:mix], [{:sbroker, "~> 0.7", [hex: :sbroker, optional: true]}, {:postgrex, "~> 0.11.0", [hex: :postgrex, optional: true]}, {:poolboy, "~> 1.4", [hex: :poolboy, optional: false]}, {:poison, "~> 1.0 or ~> 2.0", [hex: :poison, optional: true]}, {:mariaex, "~> 0.5.0 or ~> 0.6.0", [hex: :mariaex, optional: true]}, {:decimal, "~> 1.0", [hex: :decimal, optional: false]}]},
  "erlware_commons": {:hex, :erlware_commons, "0.19.0", "7b43caf2c91950c5f60dc20451e3c3afba44d3d4f7f27bcdc52469285a5a3e70", [:rebar3], [{:cf, "0.2.1", [hex: :cf, optional: false]}]},
  "exrm": {:hex, :exrm, "1.0.4", "b20279ff7f0c5c240fe47f5a2aea12c00ced539c8001e59abb8c1ad50759cbe3", [:mix], [{:relx, "~> 3.5", [hex: :relx, optional: false]}]},
  "getopt": {:hex, :getopt, "0.8.2", "b17556db683000ba50370b16c0619df1337e7af7ecbf7d64fbf8d1d6bce3109b", [:rebar], []},
  "monetized": {:git, "https://github.com/substantial/monetized.git", "6555257ced47b17a6636e887a57fe7a858959127", [ref: "multi-branch-fix"]},
  "poison": {:hex, :poison, "1.5.2", "560bdfb7449e3ddd23a096929fb9fc2122f709bcc758b2d5d5a5c7d0ea848910", [:mix], []},
  "poolboy": {:hex, :poolboy, "1.5.1", "6b46163901cfd0a1b43d692657ed9d7e599853b3b21b95ae5ae0a777cf9b6ca8", [:rebar], []},
  "providers": {:hex, :providers, "1.6.0", "db0e2f9043ae60c0155205fcd238d68516331d0e5146155e33d1e79dc452964a", [:rebar3], [{:getopt, "0.8.2", [hex: :getopt, optional: false]}]},
  "relx": {:hex, :relx, "3.19.0", "286dd5244b4786f56aac75d5c8e2d1fb4cfd306810d4ec8548f3ae1b3aadb8f7", [:rebar3], [{:providers, "1.6.0", [hex: :providers, optional: false]}, {:getopt, "0.8.2", [hex: :getopt, optional: false]}, {:erlware_commons, "0.19.0", [hex: :erlware_commons, optional: false]}, {:cf, "0.2.1", [hex: :cf, optional: false]}, {:bbmustache, "1.0.4", [hex: :bbmustache, optional: false]}]}}
